
Microsoft Visual Studio Solution File, Format Version 12.00
# Visual Studio Version 17
VisualStudioVersion = 17.4.33213.308
MinimumVisualStudioVersion = 10.0.40219.1
Project("{FAE04EC0-301F-11D3-BF4B-00C04F79EFBC}") = "ApiContactBook", "ApiContactBook\ApiContactBook.csproj", "{8CFFCAAF-2D78-47F9-BC94-96F6AA30106A}"
EndProject
Project("{FAE04EC0-301F-11D3-BF4B-00C04F79EFBC}") = "Core", "Core\Core.csproj", "{A7D4233E-399A-40FB-A13D-4CDAB31A93F7}"
EndProject
Project("{FAE04EC0-301F-11D3-BF4B-00C04F79EFBC}") = "Data", "Data\Data.csproj", "{D3879F7C-D87C-4C74-ACE4-2EBDEC040027}"
EndProject
Global
	GlobalSection(SolutionConfigurationPlatforms) = preSolution
		Debug|Any CPU = Debug|Any CPU
		Release|Any CPU = Release|Any CPU
	EndGlobalSection
	GlobalSection(ProjectConfigurationPlatforms) = postSolution
		{8CFFCAAF-2D78-47F9-BC94-96F6AA30106A}.Debug|Any CPU.ActiveCfg = Debug|Any CPU
		{8CFFCAAF-2D78-47F9-BC94-96F6AA30106A}.Debug|Any CPU.Build.0 = Debug|Any CPU
		{8CFFCAAF-2D78-47F9-BC94-96F6AA30106A}.Release|Any CPU.ActiveCfg = Release|Any CPU
		{8CFFCAAF-2D78-47F9-BC94-96F6AA30106A}.Release|Any CPU.Build.0 = Release|Any CPU
		{A7D4233E-399A-40FB-A13D-4CDAB31A93F7}.Debug|Any CPU.ActiveCfg = Debug|Any CPU
		{A7D4233E-399A-40FB-A13D-4CDAB31A93F7}.Debug|Any CPU.Build.0 = Debug|Any CPU
		{A7D4233E-399A-40FB-A13D-4CDAB31A93F7}.Release|Any CPU.ActiveCfg = Release|Any CPU
		{A7D4233E-399A-40FB-A13D-4CDAB31A93F7}.Release|Any CPU.Build.0 = Release|Any CPU
		{D3879F7C-D87C-4C74-ACE4-2EBDEC040027}.Debug|Any CPU.ActiveCfg = Debug|Any CPU
		{D3879F7C-D87C-4C74-ACE4-2EBDEC040027}.Debug|Any CPU.Build.0 = Debug|Any CPU
		{D3879F7C-D87C-4C74-ACE4-2EBDEC040027}.Release|Any CPU.ActiveCfg = Release|Any CPU
		{D3879F7C-D87C-4C74-ACE4-2EBDEC040027}.Release|Any CPU.Build.0 = Release|Any CPU
	EndGlobalSection
	GlobalSection(SolutionProperties) = preSolution
		HideSolutionNode = FALSE
	EndGlobalSection
	GlobalSection(ExtensibilityGlobals) = postSolution
		SolutionGuid = {F98C529B-6916-4BB7-9E8E-5A4B402BE04A}
	EndGlobalSection
EndGlobal
